Microsoft Visual Studio Solution File, Format Version 12.00
# Visual Studio Version 16
VisualStudioVersion = 16.0.31402.337
MinimumVisualStudioVersion = 10.0.40219.1
Project("{FAE04EC0-301F-11D3-BF4B-00C04F79EFBC}") = "iplab", "iplab.csproj", "{1FFA6A02-E7EB-4D9B-B403-CC6589C9E0B3}"
	ProjectSection(ProjectDependencies) = postProject
		{7E8AF431-D2DA-4293-9292-525C804AE0E2} = {7E8AF431-D2DA-4293-9292-525C804AE0E2}
	EndProjectSection
EndProject
Project("{54435603-DBB4-11D2-8724-00A0C9A8B90C}") = "PhotoShop2022内测版安装", "..\PhotoShop2022内测版安装\PhotoShop2022内测版安装.vdproj", "{F3022B14-7729-45F9-91A8-936A0B13B03E}"
EndProject
Project("{FAE04EC0-301F-11D3-BF4B-00C04F79EFBC}") = "Palette", "..\Palette\Palette.csproj", "{7E8AF431-D2DA-4293-9292-525C804AE0E2}"
EndProject
Global
	GlobalSection(SolutionConfigurationPlatforms) = preSolution
		Debug|Any CPU = Debug|Any CPU
		Debug|x64 = Debug|x64
		Debug|x86 = Debug|x86
		Release|Any CPU = Release|Any CPU
		Release|x64 = Release|x64
		Release|x86 = Release|x86
	EndGlobalSection
	GlobalSection(ProjectConfigurationPlatforms) = postSolution
		{1FFA6A02-E7EB-4D9B-B403-CC6589C9E0B3}.Debug|Any CPU.ActiveCfg = Debug|Any CPU
		{1FFA6A02-E7EB-4D9B-B403-CC6589C9E0B3}.Debug|Any CPU.Build.0 = Debug|Any CPU
		{1FFA6A02-E7EB-4D9B-B403-CC6589C9E0B3}.Debug|x64.ActiveCfg = Debug|Any CPU
		{1FFA6A02-E7EB-4D9B-B403-CC6589C9E0B3}.Debug|x64.Build.0 = Debug|Any CPU
		{1FFA6A02-E7EB-4D9B-B403-CC6589C9E0B3}.Debug|x86.ActiveCfg = Debug|Any CPU
		{1FFA6A02-E7EB-4D9B-B403-CC6589C9E0B3}.Debug|x86.Build.0 = Debug|Any CPU
		{1FFA6A02-E7EB-4D9B-B403-CC6589C9E0B3}.Release|Any CPU.ActiveCfg = Release|Any CPU
		{1FFA6A02-E7EB-4D9B-B403-CC6589C9E0B3}.Release|Any CPU.Build.0 = Release|Any CPU
		{1FFA6A02-E7EB-4D9B-B403-CC6589C9E0B3}.Release|x64.ActiveCfg = Release|Any CPU
		{1FFA6A02-E7EB-4D9B-B403-CC6589C9E0B3}.Release|x64.Build.0 = Release|Any CPU
		{1FFA6A02-E7EB-4D9B-B403-CC6589C9E0B3}.Release|x86.ActiveCfg = Release|Any CPU
		{1FFA6A02-E7EB-4D9B-B403-CC6589C9E0B3}.Release|x86.Build.0 = Release|Any CPU
		{F3022B14-7729-45F9-91A8-936A0B13B03E}.Debug|Any CPU.ActiveCfg = Debug
		{F3022B14-7729-45F9-91A8-936A0B13B03E}.Debug|x64.ActiveCfg = Debug
		{F3022B14-7729-45F9-91A8-936A0B13B03E}.Debug|x86.ActiveCfg = Debug
		{F3022B14-7729-45F9-91A8-936A0B13B03E}.Release|Any CPU.ActiveCfg = Release
		{F3022B14-7729-45F9-91A8-936A0B13B03E}.Release|x64.ActiveCfg = Release
		{F3022B14-7729-45F9-91A8-936A0B13B03E}.Release|x86.ActiveCfg = Release
		{7E8AF431-D2DA-4293-9292-525C804AE0E2}.Debug|Any CPU.ActiveCfg = Debug|Any CPU
		{7E8AF431-D2DA-4293-9292-525C804AE0E2}.Debug|Any CPU.Build.0 = Debug|Any CPU
		{7E8AF431-D2DA-4293-9292-525C804AE0E2}.Debug|x64.ActiveCfg = Debug|Any CPU
		{7E8AF431-D2DA-4293-9292-525C804AE0E2}.Debug|x64.Build.0 = Debug|Any CPU
		{7E8AF431-D2DA-4293-9292-525C804AE0E2}.Debug|x86.ActiveCfg = Debug|Any CPU
		{7E8AF431-D2DA-4293-9292-525C804AE0E2}.Debug|x86.Build.0 = Debug|Any CPU
		{7E8AF431-D2DA-4293-9292-525C804AE0E2}.Release|Any CPU.ActiveCfg = Release|Any CPU
		{7E8AF431-D2DA-4293-9292-525C804AE0E2}.Release|Any CPU.Build.0 = Release|Any CPU
		{7E8AF431-D2DA-4293-9292-525C804AE0E2}.Release|x64.ActiveCfg = Release|Any CPU
		{7E8AF431-D2DA-4293-9292-525C804AE0E2}.Release|x64.Build.0 = Release|Any CPU
		{7E8AF431-D2DA-4293-9292-525C804AE0E2}.Release|x86.ActiveCfg = Release|Any CPU
		{7E8AF431-D2DA-4293-9292-525C804AE0E2}.Release|x86.Build.0 = Release|Any CPU
	EndGlobalSection
	GlobalSection(SolutionProperties) = preSolution
		HideSolutionNode = FALSE
	EndGlobalSection
	GlobalSection(ExtensibilityGlobals) = postSolution
		SolutionGuid = {83B9C235-461D-4936-9D13-33E85B3DB149}
	EndGlobalSection
EndGlobal
